
Microsoft Visual Studio Solution File, Format Version 12.00
# Visual Studio Version 17
VisualStudioVersion = 17.3.32804.467
MinimumVisualStudioVersion = 10.0.40219.1
Project("{FAE04EC0-301F-11D3-BF4B-00C04F79EFBC}") = "calculator.exe", "calculator.exe.csproj", "{A0C22632-DB4A-48C6-9150-050DF759E461}"
EndProject
Global
	GlobalSection(SolutionConfigurationPlatforms) = preSolution
		Debug|Any CPU = Debug|Any CPU
		Release|Any CPU = Release|Any CPU
	EndGlobalSection
	GlobalSection(ProjectConfigurationPlatforms) = postSolution
		{A0C22632-DB4A-48C6-9150-050DF759E461}.Debug|Any CPU.ActiveCfg = Debug|Any CPU
		{A0C22632-DB4A-48C6-9150-050DF759E461}.Debug|Any CPU.Build.0 = Debug|Any CPU
		{A0C22632-DB4A-48C6-9150-050DF759E461}.Release|Any CPU.ActiveCfg = Release|Any CPU
		{A0C22632-DB4A-48C6-9150-050DF759E461}.Release|Any CPU.Build.0 = Release|Any CPU
	EndGlobalSection
	GlobalSection(SolutionProperties) = preSolution
		HideSolutionNode = FALSE
	EndGlobalSection
	GlobalSection(ExtensibilityGlobals) = postSolution
		SolutionGuid = {920578E6-3573-4EA5-887E-A4FBB9F3C69F}
	EndGlobalSection
EndGlobal
